# THIS IS AN AUTOGENERATED FILE. DO NOT EDIT THIS FILE DIRECTLY.
# yarn lockfile v1


"@react-native-community/async-storage@^1.3.3":
  version "1.3.3"
  resolved "https://registry.yarnpkg.com/@react-native-community/async-storage/-/async-storage-1.3.3.tgz#fbcd09c68be0f91362c1bc5696802d8e281cf67d"
  integrity sha512-mypRivxWCO3apTDWpbvc7owcz5gZH0mI60JWPJDW/Pibr3vk9T7TQPA44b8m43qc/o5cnSEJFZk6l/1T4QEM/Q==

ramda@^0.25.0:
  version "0.25.0"
  resolved "https://registry.yarnpkg.com/ramda/-/ramda-0.25.0.tgz#8fdf68231cffa90bc2f9460390a0cb74a29b29a9"
